
Microsoft Visual Studio Solution File, Format Version 12.00
# Visual Studio Version 16
VisualStudioVersion = 16.0.31025.194
MinimumVisualStudioVersion = 10.0.40219.1
Project("{8BC9CEB8-8B4A-11D0-8D11-00A0C91BC942}") = "plugin_test", "plugin_test\plugin_test.vcxproj", "{6D4A0392-E309-459B-B928-930BCBC5F689}"
EndProject
Project("{8BC9CEB8-8B4A-11D0-8D11-00A0C91BC942}") = "plugin_test2", "plugin_test2\plugin_test2.vcxproj", "{174BEDC1-7AE9-409C-96C0-A03BDC5383D1}"
EndProject
Global
	GlobalSection(SolutionConfigurationPlatforms) = preSolution
		Debug|x64 = Debug|x64
		Debug|x86 = Debug|x86
		Release|x64 = Release|x64
		Release|x86 = Release|x86
	EndGlobalSection
	GlobalSection(ProjectConfigurationPlatforms) = postSolution
		{6D4A0392-E309-459B-B928-930BCBC5F689}.Debug|x64.ActiveCfg = Debug|x64
		{6D4A0392-E309-459B-B928-930BCBC5F689}.Debug|x64.Build.0 = Debug|x64
		{6D4A0392-E309-459B-B928-930BCBC5F689}.Debug|x86.ActiveCfg = Debug|Win32
		{6D4A0392-E309-459B-B928-930BCBC5F689}.Debug|x86.Build.0 = Debug|Win32
		{6D4A0392-E309-459B-B928-930BCBC5F689}.Release|x64.ActiveCfg = Release|x64
		{6D4A0392-E309-459B-B928-930BCBC5F689}.Release|x64.Build.0 = Release|x64
		{6D4A0392-E309-459B-B928-930BCBC5F689}.Release|x86.ActiveCfg = Release|Win32
		{6D4A0392-E309-459B-B928-930BCBC5F689}.Release|x86.Build.0 = Release|Win32
		{174BEDC1-7AE9-409C-96C0-A03BDC5383D1}.Debug|x64.ActiveCfg = Debug|x64
		{174BEDC1-7AE9-409C-96C0-A03BDC5383D1}.Debug|x64.Build.0 = Debug|x64
		{174BEDC1-7AE9-409C-96C0-A03BDC5383D1}.Debug|x86.ActiveCfg = Debug|Win32
		{174BEDC1-7AE9-409C-96C0-A03BDC5383D1}.Debug|x86.Build.0 = Debug|Win32
		{174BEDC1-7AE9-409C-96C0-A03BDC5383D1}.Release|x64.ActiveCfg = Release|x64
		{174BEDC1-7AE9-409C-96C0-A03BDC5383D1}.Release|x64.Build.0 = Release|x64
		{174BEDC1-7AE9-409C-96C0-A03BDC5383D1}.Release|x86.ActiveCfg = Release|Win32
		{174BEDC1-7AE9-409C-96C0-A03BDC5383D1}.Release|x86.Build.0 = Release|Win32
	EndGlobalSection
	GlobalSection(SolutionProperties) = preSolution
		HideSolutionNode = FALSE
	EndGlobalSection
	GlobalSection(ExtensibilityGlobals) = postSolution
		SolutionGuid = {2452FE77-3618-4825-A29F-40A99AEA6705}
	EndGlobalSection
EndGlobal
